// !$*UTF8*$!
{
	archiveVersion = 1;
	classes = {
	};
	objectVersion = 46;
	objects = {

/* Begin PBXBuildFile section */
		DE5CFBCB1BDFE74900902FD8 /* exercise1.cpp in Sources */ = {isa = PBXBuildFile; fileRef = DE5CFBC91BDFE74900902FD8 /* exercise1.cpp */; };
		DE5CFBCE1BE02A4700902FD8 /* exercise4.cpp in Sources */ = {isa = PBXBuildFile; fileRef = DE5CFBCC1BE02A4700902FD8 /* exercise4.cpp */; };
		DE7C04B01BD982FA0003AB0A /* ch13exercises.cpp in Sources */ = {isa = PBXBuildFile; fileRef = DE7C04AF1BD982FA0003AB0A /* ch13exercises.cpp */; };
		DE7C04B81BD983390003AB0A /* brass.cpp in Sources */ = {isa = PBXBuildFile; fileRef = DE7C04B61BD983390003AB0A /* brass.cpp */; };
/* End PBXBuildFile section */

/* Begin PBXCopyFilesBuildPhase section */
		DE7C04AA1BD982FA0003AB0A /* CopyFiles */ = {
			isa = PBXCopyFilesBuildPhase;
			buildActionMask = 2147483647;
			dstPath = /usr/share/man/man1/;
			dstSubfolderSpec = 0;
			files = (
			);
			runOnlyForDeploymentPostprocessing = 1;
		};
/* End PBXCopyFilesBuildPhase section */

/* Begin PBXFileReference section */
		DE5CFBC91BDFE74900902FD8 /* exercise1.cpp */ = {isa = PBXFileReference; fileEncoding = 4; lastKnownFileType = sourcecode.cpp.cpp; path = exercise1.cpp; sourceTree = "<group>"; };
		DE5CFBCA1BDFE74900902FD8 /* exercise1.hpp */ = {isa = PBXFileReference; fileEncoding = 4; lastKnownFileType = sourcecode.cpp.h; path = exercise1.hpp; sourceTree = "<group>"; };
		DE5CFBCC1BE02A4700902FD8 /* exercise4.cpp */ = {isa = PBXFileReference; fileEncoding = 4; lastKnownFileType = sourcecode.cpp.cpp; path = exercise4.cpp; sourceTree = "<group>"; };
		DE5CFBCD1BE02A4700902FD8 /* exercise4.hpp */ = {isa = PBXFileReference; fileEncoding = 4; lastKnownFileType = sourcecode.cpp.h; path = exercise4.hpp; sourceTree = "<group>"; };
		DE7C04AC1BD982FA0003AB0A /* ch13-exercises */ = {isa = PBXFileReference; explicitFileType = "compiled.mach-o.executable"; includeInIndex = 0; path = "ch13-exercises"; sourceTree = BUILT_PRODUCTS_DIR; };
		DE7C04AF1BD982FA0003AB0A /* ch13exercises.cpp */ = {isa = PBXFileReference; lastKnownFileType = sourcecode.cpp.cpp; path = ch13exercises.cpp; sourceTree = "<group>"; };
		DE7C04B61BD983390003AB0A /* brass.cpp */ = {isa = PBXFileReference; fileEncoding = 4; lastKnownFileType = sourcecode.cpp.cpp; path = brass.cpp; sourceTree = "<group>"; };
		DE7C04B71BD983390003AB0A /* brass.hpp */ = {isa = PBXFileReference; fileEncoding = 4; lastKnownFileType = sourcecode.cpp.h; path = brass.hpp; sourceTree = "<group>"; };
/* End PBXFileReference section */

/* Begin PBXFrameworksBuildPhase section */
		DE7C04A91BD982FA0003AB0A /* Frameworks */ = {
			isa = PBXFrameworksBuildPhase;
			buildActionMask = 2147483647;
			files = (
			);
			runOnlyForDeploymentPostprocessing = 0;
		};
/* End PBXFrameworksBuildPhase section */

/* Begin PBXGroup section */
		DE7C04A31BD982F90003AB0A = {
			isa = PBXGroup;
			children = (
				DE7C04AE1BD982FA0003AB0A /* ch13-exercises */,
				DE7C04AD1BD982FA0003AB0A /* Products */,
			);
			sourceTree = "<group>";
		};
		DE7C04AD1BD982FA0003AB0A /* Products */ = {
			isa = PBXGroup;
			children = (
				DE7C04AC1BD982FA0003AB0A /* ch13-exercises */,
			);
			name = Products;
			sourceTree = "<group>";
		};
		DE7C04AE1BD982FA0003AB0A /* ch13-exercises */ = {
			isa = PBXGroup;
			children = (
				DE7C04AF1BD982FA0003AB0A /* ch13exercises.cpp */,
				DE5CFBCD1BE02A4700902FD8 /* exercise4.hpp */,
				DE5CFBCC1BE02A4700902FD8 /* exercise4.cpp */,
				DE7C04B71BD983390003AB0A /* brass.hpp */,
				DE7C04B61BD983390003AB0A /* brass.cpp */,
				DE5CFBCA1BDFE74900902FD8 /* exercise1.hpp */,
				DE5CFBC91BDFE74900902FD8 /* exercise1.cpp */,
			);
			path = "ch13-exercises";
			sourceTree = "<group>";
		};
/* End PBXGroup section */

/* Begin PBXNativeTarget section */
		DE7C04AB1BD982FA0003AB0A /* ch13-exercises */ = {
			isa = PBXNativeTarget;
			buildConfigurationList = DE7C04B31BD982FA0003AB0A /* Build configuration list for PBXNativeTarget "ch13-exercises" */;
			buildPhases = (
				DE7C04A81BD982FA0003AB0A /* Sources */,
				DE7C04A91BD982FA0003AB0A /* Frameworks */,
				DE7C04AA1BD982FA0003AB0A /* CopyFiles */,
			);
			buildRules = (
			);
			dependencies = (
			);
			name = "ch13-exercises";
			productName = "ch13-exercises";
			productReference = DE7C04AC1BD982FA0003AB0A /* ch13-exercises */;
			productType = "com.apple.product-type.tool";
		};
/* End PBXNativeTarget section */

/* Begin PBXProject section */
		DE7C04A41BD982F90003AB0A /* Project object */ = {
			isa = PBXProject;
			attributes = {
				LastUpgradeCheck = 0700;
				ORGANIZATIONNAME = Zackluckyf;
				TargetAttributes = {
					DE7C04AB1BD982FA0003AB0A = {
						CreatedOnToolsVersion = 7.0.1;
					};
				};
			};
			buildConfigurationList = DE7C04A71BD982F90003AB0A /* Build configuration list for PBXProject "ch13-exercises" */;
			compatibilityVersion = "Xcode 3.2";
			developmentRegion = English;
			hasScannedForEncodings = 0;
			knownRegions = (
				en,
			);
			mainGroup = DE7C04A31BD982F90003AB0A;
			productRefGroup = DE7C04AD1BD982FA0003AB0A /* Products */;
			projectDirPath = "";
			projectRoot = "";
			targets = (
				DE7C04AB1BD982FA0003AB0A /* ch13-exercises */,
			);
		};
/* End PBXProject section */

/* Begin PBXSourcesBuildPhase section */
		DE7C04A81BD982FA0003AB0A /* Sources */ = {
			isa = PBXSourcesBuildPhase;
			buildActionMask = 2147483647;
			files = (
				DE7C04B01BD982FA0003AB0A /* ch13exercises.cpp in Sources */,
				DE5CFBCB1BDFE74900902FD8 /* exercise1.cpp in Sources */,
				DE5CFBCE1BE02A4700902FD8 /* exercise4.cpp in Sources */,
				DE7C04B81BD983390003AB0A /* brass.cpp in Sources */,
			);
			runOnlyForDeploymentPostprocessing = 0;
		};
/* End PBXSourcesBuildPhase section */

/* Begin XCBuildConfiguration section */
		DE7C04B11BD982FA0003AB0A /* Debug */ = {
			isa = XCBuildConfiguration;
			buildSettings = {
				ALWAYS_SEARCH_USER_PATHS = NO;
				CLANG_CXX_LANGUAGE_STANDARD = "gnu++0x";
				CLANG_CXX_LIBRARY = "libc++";
				CLANG_ENABLE_MODULES = YES;
				CLANG_ENABLE_OBJC_ARC = YES;
				CLANG_WARN_BOOL_CONVERSION = YES;
				CLANG_WARN_CONSTANT_CONVERSION = YES;
				CLANG_WARN_DIRECT_OBJC_ISA_USAGE = YES_ERROR;
				CLANG_WARN_EMPTY_BODY = YES;
				CLANG_WARN_ENUM_CONVERSION = YES;
				CLANG_WARN_INT_CONVERSION = YES;
				CLANG_WARN_OBJC_ROOT_CLASS = YES_ERROR;
				CLANG_WARN_UNREACHABLE_CODE = YES;
				CLANG_WARN__DUPLICATE_METHOD_MATCH = YES;
				COPY_PHASE_STRIP = NO;
				DEBUG_INFORMATION_FORMAT = dwarf;
				ENABLE_STRICT_OBJC_MSGSEND = YES;
				ENABLE_TESTABILITY = YES;
				GCC_C_LANGUAGE_STANDARD = gnu99;
				GCC_DYNAMIC_NO_PIC = NO;
				GCC_NO_COMMON_BLOCKS = YES;
				GCC_OPTIMIZATION_LEVEL = 0;
				GCC_PREPROCESSOR_DEFINITIONS = (
					"DEBUG=1",
					"$(inherited)",
				);
				GCC_WARN_64_TO_32_BIT_CONVERSION = YES;
				GCC_WARN_ABOUT_RETURN_TYPE = YES_ERROR;
				GCC_WARN_UNDECLARED_SELECTOR = YES;
				GCC_WARN_UNINITIALIZED_AUTOS = YES_AGGRESSIVE;
				GCC_WARN_UNUSED_FUNCTION = YES;
				GCC_WARN_UNUSED_VARIABLE = YES;
				MACOSX_DEPLOYMENT_TARGET = 10.11;
				MTL_ENABLE_DEBUG_INFO = YES;
				ONLY_ACTIVE_ARCH = YES;
				SDKROOT = macosx;
			};
			name = Debug;
		};
		DE7C04B21BD982FA0003AB0A /* Release */ = {
			isa = XCBuildConfiguration;
			buildSettings = {
				ALWAYS_SEARCH_USER_PATHS = NO;
				CLANG_CXX_LANGUAGE_STANDARD = "gnu++0x";
				CLANG_CXX_LIBRARY = "libc++";
				CLANG_ENABLE_MODULES = YES;
				CLANG_ENABLE_OBJC_ARC = YES;
				CLANG_WARN_BOOL_CONVERSION = YES;
				CLANG_WARN_CONSTANT_CONVERSION = YES;
				CLANG_WARN_DIRECT_OBJC_ISA_USAGE = YES_ERROR;
				CLANG_WARN_EMPTY_BODY = YES;
				CLANG_WARN_ENUM_CONVERSION = YES;
				CLANG_WARN_INT_CONVERSION = YES;
				CLANG_WARN_OBJC_ROOT_CLASS = YES_ERROR;
				CLANG_WARN_UNREACHABLE_CODE = YES;
				CLANG_WARN__DUPLICATE_METHOD_MATCH = YES;
				COPY_PHASE_STRIP = NO;
				DEBUG_INFORMATION_FORMAT = "dwarf-with-dsym";
				ENABLE_NS_ASSERTIONS = NO;
				ENABLE_STRICT_OBJC_MSGSEND = YES;
				GCC_C_LANGUAGE_STANDARD = gnu99;
				GCC_NO_COMMON_BLOCKS = YES;
				GCC_WARN_64_TO_32_BIT_CONVERSION = YES;
				GCC_WARN_ABOUT_RETURN_TYPE = YES_ERROR;
				GCC_WARN_UNDECLARED_SELECTOR = YES;
				GCC_WARN_UNINITIALIZED_AUTOS = YES_AGGRESSIVE;
				GCC_WARN_UNUSED_FUNCTION = YES;
				GCC_WARN_UNUSED_VARIABLE = YES;
				MACOSX_DEPLOYMENT_TARGET = 10.11;
				MTL_ENABLE_DEBUG_INFO = NO;
				SDKROOT = macosx;
			};
			name = Release;
		};
		DE7C04B41BD982FA0003AB0A /* Debug */ = {
			isa = XCBuildConfiguration;
			buildSettings = {
				PRODUCT_NAME = "$(TARGET_NAME)";
			};
			name = Debug;
		};
		DE7C04B51BD982FA0003AB0A /* Release */ = {
			isa = XCBuildConfiguration;
			buildSettings = {
				PRODUCT_NAME = "$(TARGET_NAME)";
			};
			name = Release;
		};
/* End XCBuildConfiguration section */

/* Begin XCConfigurationList section */
		DE7C04A71BD982F90003AB0A /* Build configuration list for PBXProject "ch13-exercises" */ = {
			isa = XCConfigurationList;
			buildConfigurations = (
				DE7C04B11BD982FA0003AB0A /* Debug */,
				DE7C04B21BD982FA0003AB0A /* Release */,
			);
			defaultConfigurationIsVisible = 0;
			defaultConfigurationName = Release;
		};
		DE7C04B31BD982FA0003AB0A /* Build configuration list for PBXNativeTarget "ch13-exercises" */ = {
			isa = XCConfigurationList;
			buildConfigurations = (
				DE7C04B41BD982FA0003AB0A /* Debug */,
				DE7C04B51BD982FA0003AB0A /* Release */,
			);
			defaultConfigurationIsVisible = 0;
			defaultConfigurationName = Release;
		};
/* End XCConfigurationList section */
	};
	rootObject = DE7C04A41BD982F90003AB0A /* Project object */;
}
