// !$*UTF8*$!
{
	archiveVersion = 1;
	classes = {
	};
	objectVersion = 46;
	objects = {

/* Begin PBXBuildFile section */
		DE99CAD51BD81AA600E930C4 /* ch11-exercises.cpp in Sources */ = {isa = PBXBuildFile; fileRef = DE99CAD41BD81AA600E930C4 /* ch11-exercises.cpp */; };
		DE99CADD1BD81BDD00E930C4 /* complex0.cpp in Sources */ = {isa = PBXBuildFile; fileRef = DE99CADB1BD81BDD00E930C4 /* complex0.cpp */; settings = {ASSET_TAGS = (); }; };
/* End PBXBuildFile section */

/* Begin PBXCopyFilesBuildPhase section */
		DE99CACF1BD81AA600E930C4 /* CopyFiles */ = {
			isa = PBXCopyFilesBuildPhase;
			buildActionMask = 2147483647;
			dstPath = /usr/share/man/man1/;
			dstSubfolderSpec = 0;
			files = (
			);
			runOnlyForDeploymentPostprocessing = 1;
		};
/* End PBXCopyFilesBuildPhase section */

/* Begin PBXFileReference section */
		DE99CAD11BD81AA600E930C4 /* ch11-exercises */ = {isa = PBXFileReference; explicitFileType = "compiled.mach-o.executable"; includeInIndex = 0; path = "ch11-exercises"; sourceTree = BUILT_PRODUCTS_DIR; };
		DE99CAD41BD81AA600E930C4 /* ch11-exercises.cpp */ = {isa = PBXFileReference; lastKnownFileType = sourcecode.cpp.cpp; path = "ch11-exercises.cpp"; sourceTree = "<group>"; };
		DE99CADB1BD81BDD00E930C4 /* complex0.cpp */ = {isa = PBXFileReference; fileEncoding = 4; lastKnownFileType = sourcecode.cpp.cpp; path = complex0.cpp; sourceTree = "<group>"; };
		DE99CADC1BD81BDD00E930C4 /* complex0.h */ = {isa = PBXFileReference; fileEncoding = 4; lastKnownFileType = sourcecode.c.h; path = complex0.h; sourceTree = "<group>"; };
/* End PBXFileReference section */

/* Begin PBXFrameworksBuildPhase section */
		DE99CACE1BD81AA600E930C4 /* Frameworks */ = {
			isa = PBXFrameworksBuildPhase;
			buildActionMask = 2147483647;
			files = (
			);
			runOnlyForDeploymentPostprocessing = 0;
		};
/* End PBXFrameworksBuildPhase section */

/* Begin PBXGroup section */
		DE99CAC81BD81AA600E930C4 = {
			isa = PBXGroup;
			children = (
				DE99CAD31BD81AA600E930C4 /* ch11-exercises */,
				DE99CAD21BD81AA600E930C4 /* Products */,
			);
			sourceTree = "<group>";
		};
		DE99CAD21BD81AA600E930C4 /* Products */ = {
			isa = PBXGroup;
			children = (
				DE99CAD11BD81AA600E930C4 /* ch11-exercises */,
			);
			name = Products;
			sourceTree = "<group>";
		};
		DE99CAD31BD81AA600E930C4 /* ch11-exercises */ = {
			isa = PBXGroup;
			children = (
				DE99CAD41BD81AA600E930C4 /* ch11-exercises.cpp */,
				DE99CADC1BD81BDD00E930C4 /* complex0.h */,
				DE99CADB1BD81BDD00E930C4 /* complex0.cpp */,
			);
			path = "ch11-exercises";
			sourceTree = "<group>";
		};
/* End PBXGroup section */

/* Begin PBXNativeTarget section */
		DE99CAD01BD81AA600E930C4 /* ch11-exercises */ = {
			isa = PBXNativeTarget;
			buildConfigurationList = DE99CAD81BD81AA600E930C4 /* Build configuration list for PBXNativeTarget "ch11-exercises" */;
			buildPhases = (
				DE99CACD1BD81AA600E930C4 /* Sources */,
				DE99CACE1BD81AA600E930C4 /* Frameworks */,
				DE99CACF1BD81AA600E930C4 /* CopyFiles */,
			);
			buildRules = (
			);
			dependencies = (
			);
			name = "ch11-exercises";
			productName = "ch11-exercises";
			productReference = DE99CAD11BD81AA600E930C4 /* ch11-exercises */;
			productType = "com.apple.product-type.tool";
		};
/* End PBXNativeTarget section */

/* Begin PBXProject section */
		DE99CAC91BD81AA600E930C4 /* Project object */ = {
			isa = PBXProject;
			attributes = {
				LastUpgradeCheck = 0700;
				ORGANIZATIONNAME = Zackluckyf;
				TargetAttributes = {
					DE99CAD01BD81AA600E930C4 = {
						CreatedOnToolsVersion = 7.0.1;
					};
				};
			};
			buildConfigurationList = DE99CACC1BD81AA600E930C4 /* Build configuration list for PBXProject "ch11-exercises" */;
			compatibilityVersion = "Xcode 3.2";
			developmentRegion = English;
			hasScannedForEncodings = 0;
			knownRegions = (
				en,
			);
			mainGroup = DE99CAC81BD81AA600E930C4;
			productRefGroup = DE99CAD21BD81AA600E930C4 /* Products */;
			projectDirPath = "";
			projectRoot = "";
			targets = (
				DE99CAD01BD81AA600E930C4 /* ch11-exercises */,
			);
		};
/* End PBXProject section */

/* Begin PBXSourcesBuildPhase section */
		DE99CACD1BD81AA600E930C4 /* Sources */ = {
			isa = PBXSourcesBuildPhase;
			buildActionMask = 2147483647;
			files = (
				DE99CAD51BD81AA600E930C4 /* ch11-exercises.cpp in Sources */,
				DE99CADD1BD81BDD00E930C4 /* complex0.cpp in Sources */,
			);
			runOnlyForDeploymentPostprocessing = 0;
		};
/* End PBXSourcesBuildPhase section */

/* Begin XCBuildConfiguration section */
		DE99CAD61BD81AA600E930C4 /* Debug */ = {
			isa = XCBuildConfiguration;
			buildSettings = {
				ALWAYS_SEARCH_USER_PATHS = NO;
				CLANG_CXX_LANGUAGE_STANDARD = "gnu++0x";
				CLANG_CXX_LIBRARY = "libc++";
				CLANG_ENABLE_MODULES = YES;
				CLANG_ENABLE_OBJC_ARC = YES;
				CLANG_WARN_BOOL_CONVERSION = YES;
				CLANG_WARN_CONSTANT_CONVERSION = YES;
				CLANG_WARN_DIRECT_OBJC_ISA_USAGE = YES_ERROR;
				CLANG_WARN_EMPTY_BODY = YES;
				CLANG_WARN_ENUM_CONVERSION = YES;
				CLANG_WARN_INT_CONVERSION = YES;
				CLANG_WARN_OBJC_ROOT_CLASS = YES_ERROR;
				CLANG_WARN_UNREACHABLE_CODE = YES;
				CLANG_WARN__DUPLICATE_METHOD_MATCH = YES;
				COPY_PHASE_STRIP = NO;
				DEBUG_INFORMATION_FORMAT = dwarf;
				ENABLE_STRICT_OBJC_MSGSEND = YES;
				ENABLE_TESTABILITY = YES;
				GCC_C_LANGUAGE_STANDARD = gnu99;
				GCC_DYNAMIC_NO_PIC = NO;
				GCC_NO_COMMON_BLOCKS = YES;
				GCC_OPTIMIZATION_LEVEL = 0;
				GCC_PREPROCESSOR_DEFINITIONS = (
					"DEBUG=1",
					"$(inherited)",
				);
				GCC_WARN_64_TO_32_BIT_CONVERSION = YES;
				GCC_WARN_ABOUT_RETURN_TYPE = YES_ERROR;
				GCC_WARN_UNDECLARED_SELECTOR = YES;
				GCC_WARN_UNINITIALIZED_AUTOS = YES_AGGRESSIVE;
				GCC_WARN_UNUSED_FUNCTION = YES;
				GCC_WARN_UNUSED_VARIABLE = YES;
				MACOSX_DEPLOYMENT_TARGET = 10.11;
				MTL_ENABLE_DEBUG_INFO = YES;
				ONLY_ACTIVE_ARCH = YES;
				SDKROOT = macosx;
			};
			name = Debug;
		};
		DE99CAD71BD81AA600E930C4 /* Release */ = {
			isa = XCBuildConfiguration;
			buildSettings = {
				ALWAYS_SEARCH_USER_PATHS = NO;
				CLANG_CXX_LANGUAGE_STANDARD = "gnu++0x";
				CLANG_CXX_LIBRARY = "libc++";
				CLANG_ENABLE_MODULES = YES;
				CLANG_ENABLE_OBJC_ARC = YES;
				CLANG_WARN_BOOL_CONVERSION = YES;
				CLANG_WARN_CONSTANT_CONVERSION = YES;
				CLANG_WARN_DIRECT_OBJC_ISA_USAGE = YES_ERROR;
				CLANG_WARN_EMPTY_BODY = YES;
				CLANG_WARN_ENUM_CONVERSION = YES;
				CLANG_WARN_INT_CONVERSION = YES;
				CLANG_WARN_OBJC_ROOT_CLASS = YES_ERROR;
				CLANG_WARN_UNREACHABLE_CODE = YES;
				CLANG_WARN__DUPLICATE_METHOD_MATCH = YES;
				COPY_PHASE_STRIP = NO;
				DEBUG_INFORMATION_FORMAT = "dwarf-with-dsym";
				ENABLE_NS_ASSERTIONS = NO;
				ENABLE_STRICT_OBJC_MSGSEND = YES;
				GCC_C_LANGUAGE_STANDARD = gnu99;
				GCC_NO_COMMON_BLOCKS = YES;
				GCC_WARN_64_TO_32_BIT_CONVERSION = YES;
				GCC_WARN_ABOUT_RETURN_TYPE = YES_ERROR;
				GCC_WARN_UNDECLARED_SELECTOR = YES;
				GCC_WARN_UNINITIALIZED_AUTOS = YES_AGGRESSIVE;
				GCC_WARN_UNUSED_FUNCTION = YES;
				GCC_WARN_UNUSED_VARIABLE = YES;
				MACOSX_DEPLOYMENT_TARGET = 10.11;
				MTL_ENABLE_DEBUG_INFO = NO;
				SDKROOT = macosx;
			};
			name = Release;
		};
		DE99CAD91BD81AA600E930C4 /* Debug */ = {
			isa = XCBuildConfiguration;
			buildSettings = {
				PRODUCT_NAME = "$(TARGET_NAME)";
			};
			name = Debug;
		};
		DE99CADA1BD81AA600E930C4 /* Release */ = {
			isa = XCBuildConfiguration;
			buildSettings = {
				PRODUCT_NAME = "$(TARGET_NAME)";
			};
			name = Release;
		};
/* End XCBuildConfiguration section */

/* Begin XCConfigurationList section */
		DE99CACC1BD81AA600E930C4 /* Build configuration list for PBXProject "ch11-exercises" */ = {
			isa = XCConfigurationList;
			buildConfigurations = (
				DE99CAD61BD81AA600E930C4 /* Debug */,
				DE99CAD71BD81AA600E930C4 /* Release */,
			);
			defaultConfigurationIsVisible = 0;
			defaultConfigurationName = Release;
		};
		DE99CAD81BD81AA600E930C4 /* Build configuration list for PBXNativeTarget "ch11-exercises" */ = {
			isa = XCConfigurationList;
			buildConfigurations = (
				DE99CAD91BD81AA600E930C4 /* Debug */,
				DE99CADA1BD81AA600E930C4 /* Release */,
			);
			defaultConfigurationIsVisible = 0;
		};
/* End XCConfigurationList section */
	};
	rootObject = DE99CAC91BD81AA600E930C4 /* Project object */;
}
